
Microsoft Visual Studio Solution File, Format Version 12.00
# Visual Studio Version 17
VisualStudioVersion = 17.0.31903.59
MinimumVisualStudioVersion = 10.0.40219.1
Project("{FAE04EC0-301F-11D3-BF4B-00C04F79EFBC}") = "KdbxCredentials", "src\KdbxCredentials\KdbxCredentials.csproj", "{1B7A9F2E-4C3D-4E5A-9F1B-0A1B2C3D4E5F}"
EndProject
Project("{FAE04EC0-301F-11D3-BF4B-00C04F79EFBC}") = "KdbxCredentials.Tests", "tests\KdbxCredentials.Tests\KdbxCredentials.Tests.csproj", "{2C8BAF3F-5D4E-4F6B-AF2C-1B2C3D4E5F60}"
EndProject
Project("{2150E333-8FDC-42A3-9474-1A3956D46DE8}") = "examples", "examples", "{B36A84DF-456D-A817-6EDD-3EC3E7F6E11F}"
EndProject
Project("{FAE04EC0-301F-11D3-BF4B-00C04F79EFBC}") = "Lookup", "examples\Lookup\Lookup.csproj", "{A8B797A2-133E-4DF8-BD5C-4B6111A08FEF}"
EndProject
Project("{FAE04EC0-301F-11D3-BF4B-00C04F79EFBC}") = "GetPass", "examples\GetPass\GetPass.csproj", "{422AE9D2-9DBF-49F1-B7EE-F130E8F736A7}"
EndProject
Global
	GlobalSection(SolutionConfigurationPlatforms) = preSolution
		Debug|Any CPU = Debug|Any CPU
		Debug|x64 = Debug|x64
		Debug|x86 = Debug|x86
		Release|Any CPU = Release|Any CPU
		Release|x64 = Release|x64
		Release|x86 = Release|x86
	EndGlobalSection
	GlobalSection(ProjectConfigurationPlatforms) = postSolution
		{1B7A9F2E-4C3D-4E5A-9F1B-0A1B2C3D4E5F}.Debug|Any CPU.ActiveCfg = Debug|Any CPU
		{1B7A9F2E-4C3D-4E5A-9F1B-0A1B2C3D4E5F}.Debug|Any CPU.Build.0 = Debug|Any CPU
		{1B7A9F2E-4C3D-4E5A-9F1B-0A1B2C3D4E5F}.Debug|x64.ActiveCfg = Debug|Any CPU
		{1B7A9F2E-4C3D-4E5A-9F1B-0A1B2C3D4E5F}.Debug|x64.Build.0 = Debug|Any CPU
		{1B7A9F2E-4C3D-4E5A-9F1B-0A1B2C3D4E5F}.Debug|x86.ActiveCfg = Debug|Any CPU
		{1B7A9F2E-4C3D-4E5A-9F1B-0A1B2C3D4E5F}.Debug|x86.Build.0 = Debug|Any CPU
		{1B7A9F2E-4C3D-4E5A-9F1B-0A1B2C3D4E5F}.Release|Any CPU.ActiveCfg = Release|Any CPU
		{1B7A9F2E-4C3D-4E5A-9F1B-0A1B2C3D4E5F}.Release|Any CPU.Build.0 = Release|Any CPU
		{1B7A9F2E-4C3D-4E5A-9F1B-0A1B2C3D4E5F}.Release|x64.ActiveCfg = Release|Any CPU
		{1B7A9F2E-4C3D-4E5A-9F1B-0A1B2C3D4E5F}.Release|x64.Build.0 = Release|Any CPU
		{1B7A9F2E-4C3D-4E5A-9F1B-0A1B2C3D4E5F}.Release|x86.ActiveCfg = Release|Any CPU
		{1B7A9F2E-4C3D-4E5A-9F1B-0A1B2C3D4E5F}.Release|x86.Build.0 = Release|Any CPU
		{2C8BAF3F-5D4E-4F6B-AF2C-1B2C3D4E5F60}.Debug|Any CPU.ActiveCfg = Debug|Any CPU
		{2C8BAF3F-5D4E-4F6B-AF2C-1B2C3D4E5F60}.Debug|Any CPU.Build.0 = Debug|Any CPU
		{2C8BAF3F-5D4E-4F6B-AF2C-1B2C3D4E5F60}.Debug|x64.ActiveCfg = Debug|Any CPU
		{2C8BAF3F-5D4E-4F6B-AF2C-1B2C3D4E5F60}.Debug|x64.Build.0 = Debug|Any CPU
		{2C8BAF3F-5D4E-4F6B-AF2C-1B2C3D4E5F60}.Debug|x86.ActiveCfg = Debug|Any CPU
		{2C8BAF3F-5D4E-4F6B-AF2C-1B2C3D4E5F60}.Debug|x86.Build.0 = Debug|Any CPU
		{2C8BAF3F-5D4E-4F6B-AF2C-1B2C3D4E5F60}.Release|Any CPU.ActiveCfg = Release|Any CPU
		{2C8BAF3F-5D4E-4F6B-AF2C-1B2C3D4E5F60}.Release|Any CPU.Build.0 = Release|Any CPU
		{2C8BAF3F-5D4E-4F6B-AF2C-1B2C3D4E5F60}.Release|x64.ActiveCfg = Release|Any CPU
		{2C8BAF3F-5D4E-4F6B-AF2C-1B2C3D4E5F60}.Release|x64.Build.0 = Release|Any CPU
		{2C8BAF3F-5D4E-4F6B-AF2C-1B2C3D4E5F60}.Release|x86.ActiveCfg = Release|Any CPU
		{2C8BAF3F-5D4E-4F6B-AF2C-1B2C3D4E5F60}.Release|x86.Build.0 = Release|Any CPU
		{A8B797A2-133E-4DF8-BD5C-4B6111A08FEF}.Debug|Any CPU.ActiveCfg = Debug|Any CPU
		{A8B797A2-133E-4DF8-BD5C-4B6111A08FEF}.Debug|Any CPU.Build.0 = Debug|Any CPU
		{A8B797A2-133E-4DF8-BD5C-4B6111A08FEF}.Debug|x64.ActiveCfg = Debug|Any CPU
		{A8B797A2-133E-4DF8-BD5C-4B6111A08FEF}.Debug|x64.Build.0 = Debug|Any CPU
		{A8B797A2-133E-4DF8-BD5C-4B6111A08FEF}.Debug|x86.ActiveCfg = Debug|Any CPU
		{A8B797A2-133E-4DF8-BD5C-4B6111A08FEF}.Debug|x86.Build.0 = Debug|Any CPU
		{A8B797A2-133E-4DF8-BD5C-4B6111A08FEF}.Release|Any CPU.ActiveCfg = Release|Any CPU
		{A8B797A2-133E-4DF8-BD5C-4B6111A08FEF}.Release|Any CPU.Build.0 = Release|Any CPU
		{A8B797A2-133E-4DF8-BD5C-4B6111A08FEF}.Release|x64.ActiveCfg = Release|Any CPU
		{A8B797A2-133E-4DF8-BD5C-4B6111A08FEF}.Release|x64.Build.0 = Release|Any CPU
		{A8B797A2-133E-4DF8-BD5C-4B6111A08FEF}.Release|x86.ActiveCfg = Release|Any CPU
		{A8B797A2-133E-4DF8-BD5C-4B6111A08FEF}.Release|x86.Build.0 = Release|Any CPU
		{422AE9D2-9DBF-49F1-B7EE-F130E8F736A7}.Debug|Any CPU.ActiveCfg = Debug|Any CPU
		{422AE9D2-9DBF-49F1-B7EE-F130E8F736A7}.Debug|Any CPU.Build.0 = Debug|Any CPU
		{422AE9D2-9DBF-49F1-B7EE-F130E8F736A7}.Debug|x64.ActiveCfg = Debug|Any CPU
		{422AE9D2-9DBF-49F1-B7EE-F130E8F736A7}.Debug|x64.Build.0 = Debug|Any CPU
		{422AE9D2-9DBF-49F1-B7EE-F130E8F736A7}.Debug|x86.ActiveCfg = Debug|Any CPU
		{422AE9D2-9DBF-49F1-B7EE-F130E8F736A7}.Debug|x86.Build.0 = Debug|Any CPU
		{422AE9D2-9DBF-49F1-B7EE-F130E8F736A7}.Release|Any CPU.ActiveCfg = Release|Any CPU
		{422AE9D2-9DBF-49F1-B7EE-F130E8F736A7}.Release|Any CPU.Build.0 = Release|Any CPU
		{422AE9D2-9DBF-49F1-B7EE-F130E8F736A7}.Release|x64.ActiveCfg = Release|Any CPU
		{422AE9D2-9DBF-49F1-B7EE-F130E8F736A7}.Release|x64.Build.0 = Release|Any CPU
		{422AE9D2-9DBF-49F1-B7EE-F130E8F736A7}.Release|x86.ActiveCfg = Release|Any CPU
		{422AE9D2-9DBF-49F1-B7EE-F130E8F736A7}.Release|x86.Build.0 = Release|Any CPU
	EndGlobalSection
	GlobalSection(SolutionProperties) = preSolution
		HideSolutionNode = FALSE
	EndGlobalSection
	GlobalSection(NestedProjects) = preSolution
		{A8B797A2-133E-4DF8-BD5C-4B6111A08FEF} = {B36A84DF-456D-A817-6EDD-3EC3E7F6E11F}
		{422AE9D2-9DBF-49F1-B7EE-F130E8F736A7} = {B36A84DF-456D-A817-6EDD-3EC3E7F6E11F}
	EndGlobalSection
EndGlobal
